
Microsoft Visual Studio Solution File, Format Version 12.00
# Visual Studio Version 17
VisualStudioVersion = 17.14.36414.22 d17.14
MinimumVisualStudioVersion = 10.0.40219.1
Project("{FAE04EC0-301F-11D3-BF4B-00C04F79EFBC}") = "MyFirstApp", "MyFirstApp\MyFirstApp.csproj", "{FD83C9E1-731D-403A-A16D-DA6E9A0AF73C}"
EndProject
Global
	GlobalSection(SolutionConfigurationPlatforms) = preSolution
		Debug|Any CPU = Debug|Any CPU
		Release|Any CPU = Release|Any CPU
	EndGlobalSection
	GlobalSection(ProjectConfigurationPlatforms) = postSolution
		{FD83C9E1-731D-403A-A16D-DA6E9A0AF73C}.Debug|Any CPU.ActiveCfg = Debug|Any CPU
		{FD83C9E1-731D-403A-A16D-DA6E9A0AF73C}.Debug|Any CPU.Build.0 = Debug|Any CPU
		{FD83C9E1-731D-403A-A16D-DA6E9A0AF73C}.Release|Any CPU.ActiveCfg = Release|Any CPU
		{FD83C9E1-731D-403A-A16D-DA6E9A0AF73C}.Release|Any CPU.Build.0 = Release|Any CPU
	EndGlobalSection
	GlobalSection(SolutionProperties) = preSolution
		HideSolutionNode = FALSE
	EndGlobalSection
	GlobalSection(ExtensibilityGlobals) = postSolution
		SolutionGuid = {10ECBB0A-21BF-48B7-AF09-009D863B7280}
	EndGlobalSection
EndGlobal
